// !$*UTF8*$!
{
	archiveVersion = 1;
	classes = {
	};
	objectVersion = 50;
	objects = {

/* Begin PBXBuildFile section */
		2B3BA0F323FC20A300DB9C35 /* AppDelegate.swift in Sources */ = {isa = PBXBuildFile; fileRef = 2B3BA0F223FC20A300DB9C35 /* AppDelegate.swift */; };
		2B3BA0F523FC20A300DB9C35 /* Document.swift in Sources */ = {isa = PBXBuildFile; fileRef = 2B3BA0F423FC20A300DB9C35 /* Document.swift */; };
		2B3BA0F723FC20A300DB9C35 /* ContentView.swift in Sources */ = {isa = PBXBuildFile; fileRef = 2B3BA0F623FC20A300DB9C35 /* ContentView.swift */; };
		2B3BA0F923FC20A600DB9C35 /* Assets.xcassets in Resources */ = {isa = PBXBuildFile; fileRef = 2B3BA0F823FC20A600DB9C35 /* Assets.xcassets */; };
		2B3BA0FC23FC20A600DB9C35 /* Preview Assets.xcassets in Resources */ = {isa = PBXBuildFile; fileRef = 2B3BA0FB23FC20A600DB9C35 /* Preview Assets.xcassets */; };
		2B3BA0FF23FC20A600DB9C35 /* Main.storyboard in Resources */ = {isa = PBXBuildFile; fileRef = 2B3BA0FD23FC20A600DB9C35 /* Main.storyboard */; };
/* End PBXBuildFile section */

/* Begin PBXFileReference section */
		2B3BA0EF23FC20A300DB9C35 /* asciidoc-writer.app */ = {isa = PBXFileReference; explicitFileType = wrapper.application; includeInIndex = 0; path = "asciidoc-writer.app"; sourceTree = BUILT_PRODUCTS_DIR; };
		2B3BA0F223FC20A300DB9C35 /* AppDelegate.swift */ = {isa = PBXFileReference; lastKnownFileType = sourcecode.swift; path = AppDelegate.swift; sourceTree = "<group>"; };
		2B3BA0F423FC20A300DB9C35 /* Document.swift */ = {isa = PBXFileReference; lastKnownFileType = sourcecode.swift; path = Document.swift; sourceTree = "<group>"; };
		2B3BA0F623FC20A300DB9C35 /* ContentView.swift */ = {isa = PBXFileReference; lastKnownFileType = sourcecode.swift; path = ContentView.swift; sourceTree = "<group>"; };
		2B3BA0F823FC20A600DB9C35 /* Assets.xcassets */ = {isa = PBXFileReference; lastKnownFileType = folder.assetcatalog; path = Assets.xcassets; sourceTree = "<group>"; };
		2B3BA0FB23FC20A600DB9C35 /* Preview Assets.xcassets */ = {isa = PBXFileReference; lastKnownFileType = folder.assetcatalog; path = "Preview Assets.xcassets"; sourceTree = "<group>"; };
		2B3BA0FE23FC20A600DB9C35 /* Base */ = {isa = PBXFileReference; lastKnownFileType = file.storyboard; name = Base; path = Base.lproj/Main.storyboard; sourceTree = "<group>"; };
		2B3BA10023FC20A600DB9C35 /* Info.plist */ = {isa = PBXFileReference; lastKnownFileType = text.plist.xml; path = Info.plist; sourceTree = "<group>"; };
		2B3BA10123FC20A600DB9C35 /* asciidoc_writer.entitlements */ = {isa = PBXFileReference; lastKnownFileType = text.plist.entitlements; path = asciidoc_writer.entitlements; sourceTree = "<group>"; };
/* End PBXFileReference section */

/* Begin PBXFrameworksBuildPhase section */
		2B3BA0EC23FC20A300DB9C35 /* Frameworks */ = {
			isa = PBXFrameworksBuildPhase;
			buildActionMask = 2147483647;
			files = (
			);
			runOnlyForDeploymentPostprocessing = 0;
		};
/* End PBXFrameworksBuildPhase section */

/* Begin PBXGroup section */
		2B3BA0E623FC20A300DB9C35 = {
			isa = PBXGroup;
			children = (
				2B3BA0F123FC20A300DB9C35 /* asciidoc-writer */,
				2B3BA0F023FC20A300DB9C35 /* Products */,
			);
			sourceTree = "<group>";
		};
		2B3BA0F023FC20A300DB9C35 /* Products */ = {
			isa = PBXGroup;
			children = (
				2B3BA0EF23FC20A300DB9C35 /* asciidoc-writer.app */,
			);
			name = Products;
			sourceTree = "<group>";
		};
		2B3BA0F123FC20A300DB9C35 /* asciidoc-writer */ = {
			isa = PBXGroup;
			children = (
				2B3BA0F223FC20A300DB9C35 /* AppDelegate.swift */,
				2B3BA0F423FC20A300DB9C35 /* Document.swift */,
				2B3BA0F623FC20A300DB9C35 /* ContentView.swift */,
				2B3BA0F823FC20A600DB9C35 /* Assets.xcassets */,
				2B3BA0FD23FC20A600DB9C35 /* Main.storyboard */,
				2B3BA10023FC20A600DB9C35 /* Info.plist */,
				2B3BA10123FC20A600DB9C35 /* asciidoc_writer.entitlements */,
				2B3BA0FA23FC20A600DB9C35 /* Preview Content */,
			);
			path = "asciidoc-writer";
			sourceTree = "<group>";
		};
		2B3BA0FA23FC20A600DB9C35 /* Preview Content */ = {
			isa = PBXGroup;
			children = (
				2B3BA0FB23FC20A600DB9C35 /* Preview Assets.xcassets */,
			);
			path = "Preview Content";
			sourceTree = "<group>";
		};
/* End PBXGroup section */

/* Begin PBXNativeTarget section */
		2B3BA0EE23FC20A300DB9C35 /* asciidoc-writer */ = {
			isa = PBXNativeTarget;
			buildConfigurationList = 2B3BA10423FC20A600DB9C35 /* Build configuration list for PBXNativeTarget "asciidoc-writer" */;
			buildPhases = (
				2B3BA0EB23FC20A300DB9C35 /* Sources */,
				2B3BA0EC23FC20A300DB9C35 /* Frameworks */,
				2B3BA0ED23FC20A300DB9C35 /* Resources */,
			);
			buildRules = (
			);
			dependencies = (
			);
			name = "asciidoc-writer";
			productName = "asciidoc-writer";
			productReference = 2B3BA0EF23FC20A300DB9C35 /* asciidoc-writer.app */;
			productType = "com.apple.product-type.application";
		};
/* End PBXNativeTarget section */

/* Begin PBXProject section */
		2B3BA0E723FC20A300DB9C35 /* Project object */ = {
			isa = PBXProject;
			attributes = {
				LastSwiftUpdateCheck = 1130;
				LastUpgradeCheck = 1130;
				ORGANIZATIONNAME = Rubeen;
				TargetAttributes = {
					2B3BA0EE23FC20A300DB9C35 = {
						CreatedOnToolsVersion = 11.3.1;
					};
				};
			};
			buildConfigurationList = 2B3BA0EA23FC20A300DB9C35 /* Build configuration list for PBXProject "asciidoc-writer" */;
			compatibilityVersion = "Xcode 9.3";
			developmentRegion = en;
			hasScannedForEncodings = 0;
			knownRegions = (
				en,
				Base,
			);
			mainGroup = 2B3BA0E623FC20A300DB9C35;
			productRefGroup = 2B3BA0F023FC20A300DB9C35 /* Products */;
			projectDirPath = "";
			projectRoot = "";
			targets = (
				2B3BA0EE23FC20A300DB9C35 /* asciidoc-writer */,
			);
		};
/* End PBXProject section */

/* Begin PBXResourcesBuildPhase section */
		2B3BA0ED23FC20A300DB9C35 /* Resources */ = {
			isa = PBXResourcesBuildPhase;
			buildActionMask = 2147483647;
			files = (
				2B3BA0FF23FC20A600DB9C35 /* Main.storyboard in Resources */,
				2B3BA0FC23FC20A600DB9C35 /* Preview Assets.xcassets in Resources */,
				2B3BA0F923FC20A600DB9C35 /* Assets.xcassets in Resources */,
			);
			runOnlyForDeploymentPostprocessing = 0;
		};
/* End PBXResourcesBuildPhase section */

/* Begin PBXSourcesBuildPhase section */
		2B3BA0EB23FC20A300DB9C35 /* Sources */ = {
			isa = PBXSourcesBuildPhase;
			buildActionMask = 2147483647;
			files = (
				2B3BA0F523FC20A300DB9C35 /* Document.swift in Sources */,
				2B3BA0F323FC20A300DB9C35 /* AppDelegate.swift in Sources */,
				2B3BA0F723FC20A300DB9C35 /* ContentView.swift in Sources */,
			);
			runOnlyForDeploymentPostprocessing = 0;
		};
/* End PBXSourcesBuildPhase section */

/* Begin PBXVariantGroup section */
		2B3BA0FD23FC20A600DB9C35 /* Main.storyboard */ = {
			isa = PBXVariantGroup;
			children = (
				2B3BA0FE23FC20A600DB9C35 /* Base */,
			);
			name = Main.storyboard;
			sourceTree = "<group>";
		};
/* End PBXVariantGroup section */

/* Begin XCBuildConfiguration section */
		2B3BA10223FC20A600DB9C35 /* Debug */ = {
			isa = XCBuildConfiguration;
			buildSettings = {
				ALWAYS_SEARCH_USER_PATHS = NO;
				CLANG_ANALYZER_NONNULL = YES;
				CLANG_ANALYZER_NUMBER_OBJECT_CONVERSION = YES_AGGRESSIVE;
				CLANG_CXX_LANGUAGE_STANDARD = "gnu++14";
				CLANG_CXX_LIBRARY = "libc++";
				CLANG_ENABLE_MODULES = YES;
				CLANG_ENABLE_OBJC_ARC = YES;
				CLANG_ENABLE_OBJC_WEAK = YES;
				CLANG_WARN_BLOCK_CAPTURE_AUTORELEASING = YES;
				CLANG_WARN_BOOL_CONVERSION = YES;
				CLANG_WARN_COMMA = YES;
				CLANG_WARN_CONSTANT_CONVERSION = YES;
				CLANG_WARN_DEPRECATED_OBJC_IMPLEMENTATIONS = YES;
				CLANG_WARN_DIRECT_OBJC_ISA_USAGE = YES_ERROR;
				CLANG_WARN_DOCUMENTATION_COMMENTS = YES;
				CLANG_WARN_EMPTY_BODY = YES;
				CLANG_WARN_ENUM_CONVERSION = YES;
				CLANG_WARN_INFINITE_RECURSION = YES;
				CLANG_WARN_INT_CONVERSION = YES;
				CLANG_WARN_NON_LITERAL_NULL_CONVERSION = YES;
				CLANG_WARN_OBJC_IMPLICIT_RETAIN_SELF = YES;
				CLANG_WARN_OBJC_LITERAL_CONVERSION = YES;
				CLANG_WARN_OBJC_ROOT_CLASS = YES_ERROR;
				CLANG_WARN_RANGE_LOOP_ANALYSIS = YES;
				CLANG_WARN_STRICT_PROTOTYPES = YES;
				CLANG_WARN_SUSPICIOUS_MOVE = YES;
				CLANG_WARN_UNGUARDED_AVAILABILITY = YES_AGGRESSIVE;
				CLANG_WARN_UNREACHABLE_CODE = YES;
				CLANG_WARN__DUPLICATE_METHOD_MATCH = YES;
				COPY_PHASE_STRIP = NO;
				DEBUG_INFORMATION_FORMAT = dwarf;
				ENABLE_STRICT_OBJC_MSGSEND = YES;
				ENABLE_TESTABILITY = YES;
				GCC_C_LANGUAGE_STANDARD = gnu11;
				GCC_DYNAMIC_NO_PIC = NO;
				GCC_NO_COMMON_BLOCKS = YES;
				GCC_OPTIMIZATION_LEVEL = 0;
				GCC_PREPROCESSOR_DEFINITIONS = (
					"DEBUG=1",
					"$(inherited)",
				);
				GCC_WARN_64_TO_32_BIT_CONVERSION = YES;
				GCC_WARN_ABOUT_RETURN_TYPE = YES_ERROR;
				GCC_WARN_UNDECLARED_SELECTOR = YES;
				GCC_WARN_UNINITIALIZED_AUTOS = YES_AGGRESSIVE;
				GCC_WARN_UNUSED_FUNCTION = YES;
				GCC_WARN_UNUSED_VARIABLE = YES;
				MACOSX_DEPLOYMENT_TARGET = 10.15;
				MTL_ENABLE_DEBUG_INFO = INCLUDE_SOURCE;
				MTL_FAST_MATH = YES;
				ONLY_ACTIVE_ARCH = YES;
				SDKROOT = macosx;
				SWIFT_ACTIVE_COMPILATION_CONDITIONS = DEBUG;
				SWIFT_OPTIMIZATION_LEVEL = "-Onone";
			};
			name = Debug;
		};
		2B3BA10323FC20A600DB9C35 /* Release */ = {
			isa = XCBuildConfiguration;
			buildSettings = {
				ALWAYS_SEARCH_USER_PATHS = NO;
				CLANG_ANALYZER_NONNULL = YES;
				CLANG_ANALYZER_NUMBER_OBJECT_CONVERSION = YES_AGGRESSIVE;
				CLANG_CXX_LANGUAGE_STANDARD = "gnu++14";
				CLANG_CXX_LIBRARY = "libc++";
				CLANG_ENABLE_MODULES = YES;
				CLANG_ENABLE_OBJC_ARC = YES;
				CLANG_ENABLE_OBJC_WEAK = YES;
				CLANG_WARN_BLOCK_CAPTURE_AUTORELEASING = YES;
				CLANG_WARN_BOOL_CONVERSION = YES;
				CLANG_WARN_COMMA = YES;
				CLANG_WARN_CONSTANT_CONVERSION = YES;
				CLANG_WARN_DEPRECATED_OBJC_IMPLEMENTATIONS = YES;
				CLANG_WARN_DIRECT_OBJC_ISA_USAGE = YES_ERROR;
				CLANG_WARN_DOCUMENTATION_COMMENTS = YES;
				CLANG_WARN_EMPTY_BODY = YES;
				CLANG_WARN_ENUM_CONVERSION = YES;
				CLANG_WARN_INFINITE_RECURSION = YES;
				CLANG_WARN_INT_CONVERSION = YES;
				CLANG_WARN_NON_LITERAL_NULL_CONVERSION = YES;
				CLANG_WARN_OBJC_IMPLICIT_RETAIN_SELF = YES;
				CLANG_WARN_OBJC_LITERAL_CONVERSION = YES;
				CLANG_WARN_OBJC_ROOT_CLASS = YES_ERROR;
				CLANG_WARN_RANGE_LOOP_ANALYSIS = YES;
				CLANG_WARN_STRICT_PROTOTYPES = YES;
				CLANG_WARN_SUSPICIOUS_MOVE = YES;
				CLANG_WARN_UNGUARDED_AVAILABILITY = YES_AGGRESSIVE;
				CLANG_WARN_UNREACHABLE_CODE = YES;
				CLANG_WARN__DUPLICATE_METHOD_MATCH = YES;
				COPY_PHASE_STRIP = NO;
				DEBUG_INFORMATION_FORMAT = "dwarf-with-dsym";
				ENABLE_NS_ASSERTIONS = NO;
				ENABLE_STRICT_OBJC_MSGSEND = YES;
				GCC_C_LANGUAGE_STANDARD = gnu11;
				GCC_NO_COMMON_BLOCKS = YES;
				GCC_WARN_64_TO_32_BIT_CONVERSION = YES;
				GCC_WARN_ABOUT_RETURN_TYPE = YES_ERROR;
				GCC_WARN_UNDECLARED_SELECTOR = YES;
				GCC_WARN_UNINITIALIZED_AUTOS = YES_AGGRESSIVE;
				GCC_WARN_UNUSED_FUNCTION = YES;
				GCC_WARN_UNUSED_VARIABLE = YES;
				MACOSX_DEPLOYMENT_TARGET = 10.15;
				MTL_ENABLE_DEBUG_INFO = NO;
				MTL_FAST_MATH = YES;
				SDKROOT = macosx;
				SWIFT_COMPILATION_MODE = wholemodule;
				SWIFT_OPTIMIZATION_LEVEL = "-O";
			};
			name = Release;
		};
		2B3BA10523FC20A600DB9C35 /* Debug */ = {
			isa = XCBuildConfiguration;
			buildSettings = {
				ASSETCATALOG_COMPILER_APPICON_NAME = AppIcon;
				CODE_SIGN_ENTITLEMENTS = "asciidoc-writer/asciidoc_writer.entitlements";
				CODE_SIGN_STYLE = Automatic;
				COMBINE_HIDPI_IMAGES = YES;
				DEVELOPMENT_ASSET_PATHS = "\"asciidoc-writer/Preview Content\"";
				ENABLE_PREVIEWS = YES;
				INFOPLIST_FILE = "asciidoc-writer/Info.plist";
				LD_RUNPATH_SEARCH_PATHS = (
					"$(inherited)",
					"@executable_path/../Frameworks",
				);
				MACOSX_DEPLOYMENT_TARGET = 10.15;
				PRODUCT_BUNDLE_IDENTIFIER = "one.rubeen.ios.asciidoc-writer";
				PRODUCT_NAME = "$(TARGET_NAME)";
				SWIFT_VERSION = 5.0;
			};
			name = Debug;
		};
		2B3BA10623FC20A600DB9C35 /* Release */ = {
			isa = XCBuildConfiguration;
			buildSettings = {
				ASSETCATALOG_COMPILER_APPICON_NAME = AppIcon;
				CODE_SIGN_ENTITLEMENTS = "asciidoc-writer/asciidoc_writer.entitlements";
				CODE_SIGN_STYLE = Automatic;
				COMBINE_HIDPI_IMAGES = YES;
				DEVELOPMENT_ASSET_PATHS = "\"asciidoc-writer/Preview Content\"";
				ENABLE_PREVIEWS = YES;
				INFOPLIST_FILE = "asciidoc-writer/Info.plist";
				LD_RUNPATH_SEARCH_PATHS = (
					"$(inherited)",
					"@executable_path/../Frameworks",
				);
				MACOSX_DEPLOYMENT_TARGET = 10.15;
				PRODUCT_BUNDLE_IDENTIFIER = "one.rubeen.ios.asciidoc-writer";
				PRODUCT_NAME = "$(TARGET_NAME)";
				SWIFT_VERSION = 5.0;
			};
			name = Release;
		};
/* End XCBuildConfiguration section */

/* Begin XCConfigurationList section */
		2B3BA0EA23FC20A300DB9C35 /* Build configuration list for PBXProject "asciidoc-writer" */ = {
			isa = XCConfigurationList;
			buildConfigurations = (
				2B3BA10223FC20A600DB9C35 /* Debug */,
				2B3BA10323FC20A600DB9C35 /* Release */,
			);
			defaultConfigurationIsVisible = 0;
			defaultConfigurationName = Release;
		};
		2B3BA10423FC20A600DB9C35 /* Build configuration list for PBXNativeTarget "asciidoc-writer" */ = {
			isa = XCConfigurationList;
			buildConfigurations = (
				2B3BA10523FC20A600DB9C35 /* Debug */,
				2B3BA10623FC20A600DB9C35 /* Release */,
			);
			defaultConfigurationIsVisible = 0;
			defaultConfigurationName = Release;
		};
/* End XCConfigurationList section */
	};
	rootObject = 2B3BA0E723FC20A300DB9C35 /* Project object */;
}
